
Microsoft Visual Studio Solution File, Format Version 12.00
# Visual Studio 15
VisualStudioVersion = 15.0.27703.2035
MinimumVisualStudioVersion = 10.0.40219.1
Project("{FAE04EC0-301F-11D3-BF4B-00C04F79EFBC}") = "CardSample.Server", "CardSample.Server\CardSample.Server.csproj", "{36D9D3F7-308C-4629-956B-D09AECB35D43}"
EndProject
Project("{E24C65DC-7377-472B-9ABA-BC803B73C61A}") = "CardSample-Client", "CardSample-Client\", "{993C3403-CEBC-4EEB-B1B2-C442D85142C7}"
	ProjectSection(WebsiteProperties) = preProject
		TargetFrameworkMoniker = ".NETFramework,Version%3Dv4.0"
		Debug.AspNetCompiler.VirtualPath = "/localhost_57748"
		Debug.AspNetCompiler.PhysicalPath = "CardSample-Client\"
		Debug.AspNetCompiler.TargetPath = "PrecompiledWeb\localhost_57748\"
		Debug.AspNetCompiler.Updateable = "true"
		Debug.AspNetCompiler.ForceOverwrite = "true"
		Debug.AspNetCompiler.FixedNames = "false"
		Debug.AspNetCompiler.Debug = "True"
		Release.AspNetCompiler.VirtualPath = "/localhost_57748"
		Release.AspNetCompiler.PhysicalPath = "CardSample-Client\"
		Release.AspNetCompiler.TargetPath = "PrecompiledWeb\localhost_57748\"
		Release.AspNetCompiler.Updateable = "true"
		Release.AspNetCompiler.ForceOverwrite = "true"
		Release.AspNetCompiler.FixedNames = "false"
		Release.AspNetCompiler.Debug = "False"
		VWDPort = "57748"
	EndProjectSection
EndProject
Global
	GlobalSection(SolutionConfigurationPlatforms) = preSolution
		Debug|Any CPU = Debug|Any CPU
		Release|Any CPU = Release|Any CPU
	EndGlobalSection
	GlobalSection(ProjectConfigurationPlatforms) = postSolution
		{36D9D3F7-308C-4629-956B-D09AECB35D43}.Debug|Any CPU.ActiveCfg = Debug|Any CPU
		{36D9D3F7-308C-4629-956B-D09AECB35D43}.Debug|Any CPU.Build.0 = Debug|Any CPU
		{36D9D3F7-308C-4629-956B-D09AECB35D43}.Release|Any CPU.ActiveCfg = Release|Any CPU
		{36D9D3F7-308C-4629-956B-D09AECB35D43}.Release|Any CPU.Build.0 = Release|Any CPU
		{993C3403-CEBC-4EEB-B1B2-C442D85142C7}.Debug|Any CPU.ActiveCfg = Debug|Any CPU
		{993C3403-CEBC-4EEB-B1B2-C442D85142C7}.Debug|Any CPU.Build.0 = Debug|Any CPU
		{993C3403-CEBC-4EEB-B1B2-C442D85142C7}.Release|Any CPU.ActiveCfg = Debug|Any CPU
		{993C3403-CEBC-4EEB-B1B2-C442D85142C7}.Release|Any CPU.Build.0 = Debug|Any CPU
	EndGlobalSection
	GlobalSection(SolutionProperties) = preSolution
		HideSolutionNode = FALSE
	EndGlobalSection
	GlobalSection(ExtensibilityGlobals) = postSolution
		SolutionGuid = {753B7EE9-7993-47F8-B05F-34616AC7101E}
	EndGlobalSection
EndGlobal
